
Microsoft Visual Studio Solution File, Format Version 12.00
# Visual Studio Version 17
VisualStudioVersion = 17.5.33103.201
MinimumVisualStudioVersion = 10.0.40219.1
Project("{FAE04EC0-301F-11D3-BF4B-00C04F79EFBC}") = "ExemploLogProviderCSharp", "ExemploLogProviderCSharp\ExemploLogProviderCSharp.csproj", "{1D8C5B62-21A2-4AA1-84E6-377567104FDD}"
EndProject
Global
	GlobalSection(SolutionConfigurationPlatforms) = preSolution
		Debug|Any CPU = Debug|Any CPU
		Release|Any CPU = Release|Any CPU
	EndGlobalSection
	GlobalSection(ProjectConfigurationPlatforms) = postSolution
		{1D8C5B62-21A2-4AA1-84E6-377567104FDD}.Debug|Any CPU.ActiveCfg = Debug|Any CPU
		{1D8C5B62-21A2-4AA1-84E6-377567104FDD}.Debug|Any CPU.Build.0 = Debug|Any CPU
		{1D8C5B62-21A2-4AA1-84E6-377567104FDD}.Release|Any CPU.ActiveCfg = Release|Any CPU
		{1D8C5B62-21A2-4AA1-84E6-377567104FDD}.Release|Any CPU.Build.0 = Release|Any CPU
	EndGlobalSection
	GlobalSection(SolutionProperties) = preSolution
		HideSolutionNode = FALSE
	EndGlobalSection
	GlobalSection(ExtensibilityGlobals) = postSolution
		SolutionGuid = {AA34F4F9-D56C-4EA5-B6A2-812E822C9295}
	EndGlobalSection
EndGlobal
